
Microsoft Visual Studio Solution File, Format Version 12.00
Project("{FAE04EC0-301F-11D3-BF4B-00C04F79EFBC}") = "CRDT", "CRDT\CRDT.csproj", "{6AFBA09B-7FA7-4C10-9B07-567DF57DD44D}"
EndProject
Project("{FAE04EC0-301F-11D3-BF4B-00C04F79EFBC}") = "CRDT.Examples", "CRDT.Examples\CRDT.Examples.csproj", "{F18FB600-8987-424A-96BF-14590128DEB8}"
EndProject
Global
	GlobalSection(SolutionConfigurationPlatforms) = preSolution
		Debug|Any CPU = Debug|Any CPU
		Release|Any CPU = Release|Any CPU
	EndGlobalSection
	GlobalSection(ProjectConfigurationPlatforms) = postSolution
		{6AFBA09B-7FA7-4C10-9B07-567DF57DD44D}.Debug|Any CPU.ActiveCfg = Debug|Any CPU
		{6AFBA09B-7FA7-4C10-9B07-567DF57DD44D}.Debug|Any CPU.Build.0 = Debug|Any CPU
		{6AFBA09B-7FA7-4C10-9B07-567DF57DD44D}.Release|Any CPU.ActiveCfg = Release|Any CPU
		{6AFBA09B-7FA7-4C10-9B07-567DF57DD44D}.Release|Any CPU.Build.0 = Release|Any CPU
		{F18FB600-8987-424A-96BF-14590128DEB8}.Debug|Any CPU.ActiveCfg = Debug|Any CPU
		{F18FB600-8987-424A-96BF-14590128DEB8}.Debug|Any CPU.Build.0 = Debug|Any CPU
		{F18FB600-8987-424A-96BF-14590128DEB8}.Release|Any CPU.ActiveCfg = Release|Any CPU
		{F18FB600-8987-424A-96BF-14590128DEB8}.Release|Any CPU.Build.0 = Release|Any CPU
	EndGlobalSection
EndGlobal
